
Microsoft Visual Studio Solution File, Format Version 12.00
# Visual Studio 15
VisualStudioVersion = 15.0.27004.2005
MinimumVisualStudioVersion = 10.0.40219.1
Project("{FAE04EC0-301F-11D3-BF4B-00C04F79EFBC}") = "DataAccess", "DataAccess\DataAccess.csproj", "{79377EA5-6B38-4B30-801B-2D5129064E13}"
EndProject
Project("{FAE04EC0-301F-11D3-BF4B-00C04F79EFBC}") = "BusinessLogic", "BusinessLogic\BusinessLogic.csproj", "{349E0918-A788-4CE6-B035-EF5876316852}"
EndProject
Project("{FAE04EC0-301F-11D3-BF4B-00C04F79EFBC}") = "DoctorsAppointments", "DoctorsAppointments\DoctorsAppointments.csproj", "{49CFE3FA-9AEF-4618-A534-564D1EB0B8E2}"
EndProject
Project("{FAE04EC0-301F-11D3-BF4B-00C04F79EFBC}") = "UnitTests", "UnitTests\UnitTests.csproj", "{2DE45BD8-1DBE-4143-A76F-3FF90D4EB4B2}"
EndProject
Global
	GlobalSection(SolutionConfigurationPlatforms) = preSolution
		Debug|Any CPU = Debug|Any CPU
		Release|Any CPU = Release|Any CPU
	EndGlobalSection
	GlobalSection(ProjectConfigurationPlatforms) = postSolution
		{79377EA5-6B38-4B30-801B-2D5129064E13}.Debug|Any CPU.ActiveCfg = Debug|Any CPU
		{79377EA5-6B38-4B30-801B-2D5129064E13}.Debug|Any CPU.Build.0 = Debug|Any CPU
		{79377EA5-6B38-4B30-801B-2D5129064E13}.Release|Any CPU.ActiveCfg = Release|Any CPU
		{79377EA5-6B38-4B30-801B-2D5129064E13}.Release|Any CPU.Build.0 = Release|Any CPU
		{349E0918-A788-4CE6-B035-EF5876316852}.Debug|Any CPU.ActiveCfg = Debug|Any CPU
		{349E0918-A788-4CE6-B035-EF5876316852}.Debug|Any CPU.Build.0 = Debug|Any CPU
		{349E0918-A788-4CE6-B035-EF5876316852}.Release|Any CPU.ActiveCfg = Release|Any CPU
		{349E0918-A788-4CE6-B035-EF5876316852}.Release|Any CPU.Build.0 = Release|Any CPU
		{49CFE3FA-9AEF-4618-A534-564D1EB0B8E2}.Debug|Any CPU.ActiveCfg = Debug|Any CPU
		{49CFE3FA-9AEF-4618-A534-564D1EB0B8E2}.Debug|Any CPU.Build.0 = Debug|Any CPU
		{49CFE3FA-9AEF-4618-A534-564D1EB0B8E2}.Release|Any CPU.ActiveCfg = Release|Any CPU
		{49CFE3FA-9AEF-4618-A534-564D1EB0B8E2}.Release|Any CPU.Build.0 = Release|Any CPU
		{2DE45BD8-1DBE-4143-A76F-3FF90D4EB4B2}.Debug|Any CPU.ActiveCfg = Debug|Any CPU
		{2DE45BD8-1DBE-4143-A76F-3FF90D4EB4B2}.Debug|Any CPU.Build.0 = Debug|Any CPU
		{2DE45BD8-1DBE-4143-A76F-3FF90D4EB4B2}.Release|Any CPU.ActiveCfg = Release|Any CPU
		{2DE45BD8-1DBE-4143-A76F-3FF90D4EB4B2}.Release|Any CPU.Build.0 = Release|Any CPU
	EndGlobalSection
	GlobalSection(SolutionProperties) = preSolution
		HideSolutionNode = FALSE
	EndGlobalSection
	GlobalSection(ExtensibilityGlobals) = postSolution
		SolutionGuid = {5EF7FF92-4E44-4C36-A7FA-939E6A66062F}
	EndGlobalSection
EndGlobal
